[[package]]
name = "bitflags"
version = "1.0.4"
source = "registry+https://github.com/rust-lang/crates.io-index"

[[package]]
name = "cc"
version = "1.0.25"
source = "registry+https://github.com/rust-lang/crates.io-index"

[[package]]
name = "cfg-if"
version = "0.1.5"
source = "registry+https://github.com/rust-lang/crates.io-index"

[[package]]
name = "cromwell"
version = "0.1.0"
dependencies = [
 "getopts 0.2.18 (registry+https://github.com/rust-lang/crates.io-index)",
 "nix 0.11.0 (registry+https://github.com/rust-lang/crates.io-index)",
]

[[package]]
name = "getopts"
version = "0.2.18"
source = "registry+https://github.com/rust-lang/crates.io-index"
dependencies = [
 "unicode-width 0.1.5 (registry+https://github.com/rust-lang/crates.io-index)",
]

[[package]]
name = "libc"
version = "0.2.43"
source = "registry+https://github.com/rust-lang/crates.io-index"

[[package]]
name = "nix"
version = "0.11.0"
source = "registry+https://github.com/rust-lang/crates.io-index"
dependencies = [
 "bitflags 1.0.4 (registry+https://github.com/rust-lang/crates.io-index)",
 "cc 1.0.25 (registry+https://github.com/rust-lang/crates.io-index)",
 "cfg-if 0.1.5 (registry+https://github.com/rust-lang/crates.io-index)",
 "libc 0.2.43 (registry+https://github.com/rust-lang/crates.io-index)",
 "void 1.0.2 (registry+https://github.com/rust-lang/crates.io-index)",
]

[[package]]
name = "unicode-width"
version = "0.1.5"
source = "registry+https://github.com/rust-lang/crates.io-index"

[[package]]
name = "void"
version = "1.0.2"
source = "registry+https://github.com/rust-lang/crates.io-index"

[metadata]
"checksum bitflags 1.0.4 (registry+https://github.com/rust-lang/crates.io-index)" = "228047a76f468627ca71776ecdebd732a3423081fcf5125585bcd7c49886ce12"
"checksum cc 1.0.25 (registry+https://github.com/rust-lang/crates.io-index)" = "f159dfd43363c4d08055a07703eb7a3406b0dac4d0584d96965a3262db3c9d16"
"checksum cfg-if 0.1.5 (registry+https://github.com/rust-lang/crates.io-index)" = "0c4e7bb64a8ebb0d856483e1e682ea3422f883c5f5615a90d51a2c82fe87fdd3"
"checksum getopts 0.2.18 (registry+https://github.com/rust-lang/crates.io-index)" = "0a7292d30132fb5424b354f5dc02512a86e4c516fe544bb7a25e7f266951b797"
"checksum libc 0.2.43 (registry+https://github.com/rust-lang/crates.io-index)" = "76e3a3ef172f1a0b9a9ff0dd1491ae5e6c948b94479a3021819ba7d860c8645d"
"checksum nix 0.11.0 (registry+https://github.com/rust-lang/crates.io-index)" = "d37e713a259ff641624b6cb20e3b12b2952313ba36b6823c0f16e6cfd9e5de17"
"checksum unicode-width 0.1.5 (registry+https://github.com/rust-lang/crates.io-index)" = "882386231c45df4700b275c7ff55b6f3698780a650026380e72dabe76fa46526"
"checksum void 1.0.2 (registry+https://github.com/rust-lang/crates.io-index)" = "6a02e4885ed3bc0f2de90ea6dd45ebcbb66dacffe03547fadbb0eeae2770887d"
